
Microsoft Visual Studio Solution File, Format Version 12.00
# Visual Studio Version 17
VisualStudioVersion = 17.1.32210.238
MinimumVisualStudioVersion = 10.0.40219.1
Project("{FAE04EC0-301F-11D3-BF4B-00C04F79EFBC}") = "Session-06", "Session-06\Session-06.csproj", "{65BAD09F-239B-44FE-90C1-3849BB662135}"
EndProject
Project("{FAE04EC0-301F-11D3-BF4B-00C04F79EFBC}") = "Calculations", "Calculations\Calculations.csproj", "{A9E83F49-D8F8-4A8C-9DFC-8E03525DBE62}"
EndProject
Global
	GlobalSection(SolutionConfigurationPlatforms) = preSolution
		Debug|Any CPU = Debug|Any CPU
		Release|Any CPU = Release|Any CPU
	EndGlobalSection
	GlobalSection(ProjectConfigurationPlatforms) = postSolution
		{65BAD09F-239B-44FE-90C1-3849BB662135}.Debug|Any CPU.ActiveCfg = Debug|Any CPU
		{65BAD09F-239B-44FE-90C1-3849BB662135}.Debug|Any CPU.Build.0 = Debug|Any CPU
		{65BAD09F-239B-44FE-90C1-3849BB662135}.Release|Any CPU.ActiveCfg = Release|Any CPU
		{65BAD09F-239B-44FE-90C1-3849BB662135}.Release|Any CPU.Build.0 = Release|Any CPU
		{A9E83F49-D8F8-4A8C-9DFC-8E03525DBE62}.Debug|Any CPU.ActiveCfg = Debug|Any CPU
		{A9E83F49-D8F8-4A8C-9DFC-8E03525DBE62}.Debug|Any CPU.Build.0 = Debug|Any CPU
		{A9E83F49-D8F8-4A8C-9DFC-8E03525DBE62}.Release|Any CPU.ActiveCfg = Release|Any CPU
		{A9E83F49-D8F8-4A8C-9DFC-8E03525DBE62}.Release|Any CPU.Build.0 = Release|Any CPU
	EndGlobalSection
	GlobalSection(SolutionProperties) = preSolution
		HideSolutionNode = FALSE
	EndGlobalSection
	GlobalSection(ExtensibilityGlobals) = postSolution
		SolutionGuid = {21940689-ADB2-4345-B3F0-2AF25922D5CF}
	EndGlobalSection
EndGlobal
