
Microsoft Visual Studio Solution File, Format Version 12.00
# Visual Studio Version 17
VisualStudioVersion = 17.1.32210.238
MinimumVisualStudioVersion = 10.0.40219.1
Project("{FAE04EC0-301F-11D3-BF4B-00C04F79EFBC}") = "Session-03", "Session-03\Session-03.csproj", "{42535E7E-1B0B-4609-81C4-6D9B799CD259}"
EndProject
Global
	GlobalSection(SolutionConfigurationPlatforms) = preSolution
		Debug|Any CPU = Debug|Any CPU
		Release|Any CPU = Release|Any CPU
	EndGlobalSection
	GlobalSection(ProjectConfigurationPlatforms) = postSolution
		{42535E7E-1B0B-4609-81C4-6D9B799CD259}.Debug|Any CPU.ActiveCfg = Debug|Any CPU
		{42535E7E-1B0B-4609-81C4-6D9B799CD259}.Debug|Any CPU.Build.0 = Debug|Any CPU
		{42535E7E-1B0B-4609-81C4-6D9B799CD259}.Release|Any CPU.ActiveCfg = Release|Any CPU
		{42535E7E-1B0B-4609-81C4-6D9B799CD259}.Release|Any CPU.Build.0 = Release|Any CPU
	EndGlobalSection
	GlobalSection(SolutionProperties) = preSolution
		HideSolutionNode = FALSE
	EndGlobalSection
	GlobalSection(ExtensibilityGlobals) = postSolution
		SolutionGuid = {1C624245-A23C-4DF5-9F86-086D79CF7931}
	EndGlobalSection
EndGlobal
