
Microsoft Visual Studio Solution File, Format Version 12.00
# Visual Studio Version 17
VisualStudioVersion = 17.1.32210.238
MinimumVisualStudioVersion = 10.0.40219.1
Project("{FAE04EC0-301F-11D3-BF4B-00C04F79EFBC}") = "UI.win", "Session-14\UI.win.csproj", "{3409EDF7-D976-4018-9F8C-D26965A3E6F1}"
EndProject
Project("{FAE04EC0-301F-11D3-BF4B-00C04F79EFBC}") = "App.Models", "App.Models\App.Models.csproj", "{AF03DD37-377C-4D02-8112-F27E6725FF1A}"
EndProject
Project("{FAE04EC0-301F-11D3-BF4B-00C04F79EFBC}") = "App.EF", "App.EF\App.EF.csproj", "{139CA701-4B47-47AA-8AC0-EDC1F7C0E2EB}"
EndProject
Global
	GlobalSection(SolutionConfigurationPlatforms) = preSolution
		Debug|Any CPU = Debug|Any CPU
		Release|Any CPU = Release|Any CPU
	EndGlobalSection
	GlobalSection(ProjectConfigurationPlatforms) = postSolution
		{3409EDF7-D976-4018-9F8C-D26965A3E6F1}.Debug|Any CPU.ActiveCfg = Debug|Any CPU
		{3409EDF7-D976-4018-9F8C-D26965A3E6F1}.Debug|Any CPU.Build.0 = Debug|Any CPU
		{3409EDF7-D976-4018-9F8C-D26965A3E6F1}.Release|Any CPU.ActiveCfg = Release|Any CPU
		{3409EDF7-D976-4018-9F8C-D26965A3E6F1}.Release|Any CPU.Build.0 = Release|Any CPU
		{AF03DD37-377C-4D02-8112-F27E6725FF1A}.Debug|Any CPU.ActiveCfg = Debug|Any CPU
		{AF03DD37-377C-4D02-8112-F27E6725FF1A}.Debug|Any CPU.Build.0 = Debug|Any CPU
		{AF03DD37-377C-4D02-8112-F27E6725FF1A}.Release|Any CPU.ActiveCfg = Release|Any CPU
		{AF03DD37-377C-4D02-8112-F27E6725FF1A}.Release|Any CPU.Build.0 = Release|Any CPU
		{139CA701-4B47-47AA-8AC0-EDC1F7C0E2EB}.Debug|Any CPU.ActiveCfg = Debug|Any CPU
		{139CA701-4B47-47AA-8AC0-EDC1F7C0E2EB}.Debug|Any CPU.Build.0 = Debug|Any CPU
		{139CA701-4B47-47AA-8AC0-EDC1F7C0E2EB}.Release|Any CPU.ActiveCfg = Release|Any CPU
		{139CA701-4B47-47AA-8AC0-EDC1F7C0E2EB}.Release|Any CPU.Build.0 = Release|Any CPU
	EndGlobalSection
	GlobalSection(SolutionProperties) = preSolution
		HideSolutionNode = FALSE
	EndGlobalSection
	GlobalSection(ExtensibilityGlobals) = postSolution
		SolutionGuid = {B9948EE6-2CF2-4DDF-B920-AA7A81AEF818}
	EndGlobalSection
EndGlobal
